PODS:
  - Kingfisher (5.14.1):
    - Kingfisher/Core (= 5.14.1)
  - Kingfisher/Core (5.14.1)
  - PKHUD (5.3.0)
  - Realm (5.0.3):
    - Realm/Headers (= 5.0.3)
  - Realm/Headers (5.0.3)
  - RealmSwift (5.0.3):
    - Realm (= 5.0.3)
  - RxCocoa (5.1.1):
    - RxRelay (~> 5)
    - RxSwift (~> 5)
  - RxRelay (5.1.1):
    - RxSwift (~> 5)
  - RxSwift (5.1.1)
  - Toast-Swift (5.0.1)

DEPENDENCIES:
  - Kingfisher (~> 5.0)
  - PKHUD (~> 5.0)
  - RealmSwift
  - RxCocoa (~> 5)
  - RxSwift (~> 5)
  - Toast-Swift (~> 5.0.1)

SPEC REPOS:
  trunk:
    - Kingfisher
    - PKHUD
    - Realm
    - RealmSwift
    - RxCocoa
    - RxRelay
    - RxSwift
    - Toast-Swift

SPEC CHECKSUMS:
  Kingfisher: 8050bc6f7f68cbf3908bd04df7ccbac188f6d6d6
  PKHUD: 98f3e4bc904b9c916f1c5bb6d765365b5357291b
  Realm: bfca1699b61b0b17c3a69ae0e648314eae91fbdb
  RealmSwift: 493c9f089cd3893b3959007973c0e4f640906ba0
  RxCocoa: 32065309a38d29b5b0db858819b5bf9ef038b601
  RxRelay: d77f7d771495f43c556cbc43eebd1bb54d01e8e9
  RxSwift: 81470a2074fa8780320ea5fe4102807cb7118178
  Toast-Swift: 9b6a70f28b3bf0b96c40d46c0c4b9d6639846711

PODFILE CHECKSUM: 88518242c00bb518a7a35bade40d96a1d156c6c4

COCOAPODS: 1.8.4
