PODS:
  - Kingfisher (5.15.4):
    - Kingfisher/Core (= 5.15.4)
  - Kingfisher/Core (5.15.4)
  - PKHUD (5.3.0)
  - Realm (5.4.4):
    - Realm/Headers (= 5.4.4)
  - Realm/Headers (5.4.4)
  - RealmSwift (5.4.4):
    - Realm (= 5.4.4)
  - RxCocoa (5.1.1):
    - RxRelay (~> 5)
    - RxSwift (~> 5)
  - RxRelay (5.1.1):
    - RxSwift (~> 5)
  - RxSwift (5.1.1)
  - SideMenu (6.4.9)
  - Toast-Swift (5.0.1)

DEPENDENCIES:
  - Kingfisher (~> 5.0)
  - PKHUD (~> 5.0)
  - RealmSwift
  - RxCocoa (~> 5)
  - RxSwift (~> 5)
  - SideMenu (~> 6.0)
  - Toast-Swift (~> 5.0.1)

SPEC REPOS:
  trunk:
    - Kingfisher
    - PKHUD
    - Realm
    - RealmSwift
    - RxCocoa
    - RxRelay
    - RxSwift
    - SideMenu
    - Toast-Swift

SPEC CHECKSUMS:
  Kingfisher: 657dc1077e5bbbfff864194c79f29e35b722d062
  PKHUD: 98f3e4bc904b9c916f1c5bb6d765365b5357291b
  Realm: b845bf406e03b9c52a53e0de2394480288aa532a
  RealmSwift: b524ff07e4e92a34f4aecbe6ed1a613979a08bb9
  RxCocoa: 32065309a38d29b5b0db858819b5bf9ef038b601
  RxRelay: d77f7d771495f43c556cbc43eebd1bb54d01e8e9
  RxSwift: 81470a2074fa8780320ea5fe4102807cb7118178
  SideMenu: 8ef57a3cfc024a2d3fc1c036c7fe98537baec9e0
  Toast-Swift: 9b6a70f28b3bf0b96c40d46c0c4b9d6639846711

PODFILE CHECKSUM: 445d85763d921813299a151f33bc38a8a7d23a4e

COCOAPODS: 1.8.4
